
Microsoft Visual Studio Solution File, Format Version 12.00
# Visual Studio Version 17
VisualStudioVersion = 17.10.35027.167
MinimumVisualStudioVersion = 10.0.40219.1
Project("{9A19103F-16F7-4668-BE54-9A1E7A4F7556}") = "Bai2", "..\Bai2\Bai2.csproj", "{1AE67BFF-A9B3-4649-9B6C-B80BDD72C136}"
EndProject
Project("{FAE04EC0-301F-11D3-BF4B-00C04F79EFBC}") = "Bai1", "..\Bai1\Bai1.csproj", "{0BAB64D3-802D-4409-9E10-A975F44DB246}"
EndProject
Global
	GlobalSection(SolutionConfigurationPlatforms) = preSolution
		Debug|Any CPU = Debug|Any CPU
		Release|Any CPU = Release|Any CPU
	EndGlobalSection
	GlobalSection(ProjectConfigurationPlatforms) = postSolution
		{1AE67BFF-A9B3-4649-9B6C-B80BDD72C136}.Debug|Any CPU.ActiveCfg = Debug|Any CPU
		{1AE67BFF-A9B3-4649-9B6C-B80BDD72C136}.Debug|Any CPU.Build.0 = Debug|Any CPU
		{1AE67BFF-A9B3-4649-9B6C-B80BDD72C136}.Release|Any CPU.ActiveCfg = Release|Any CPU
		{1AE67BFF-A9B3-4649-9B6C-B80BDD72C136}.Release|Any CPU.Build.0 = Release|Any CPU
		{0BAB64D3-802D-4409-9E10-A975F44DB246}.Debug|Any CPU.ActiveCfg = Debug|Any CPU
		{0BAB64D3-802D-4409-9E10-A975F44DB246}.Debug|Any CPU.Build.0 = Debug|Any CPU
		{0BAB64D3-802D-4409-9E10-A975F44DB246}.Release|Any CPU.ActiveCfg = Release|Any CPU
		{0BAB64D3-802D-4409-9E10-A975F44DB246}.Release|Any CPU.Build.0 = Release|Any CPU
	EndGlobalSection
	GlobalSection(SolutionProperties) = preSolution
		HideSolutionNode = FALSE
	EndGlobalSection
	GlobalSection(ExtensibilityGlobals) = postSolution
		SolutionGuid = {5EE79B94-BDA2-48EF-AE36-F5C185310F08}
	EndGlobalSection
EndGlobal
